
Microsoft Visual Studio Solution File, Format Version 12.00
# Visual Studio 15
VisualStudioVersion = 15.0.27130.2003
MinimumVisualStudioVersion = 10.0.40219.1
Project("{FAE04EC0-301F-11D3-BF4B-00C04F79EFBC}") = "Vectors", "Vectors\Vectors.csproj", "{6CE005A1-AAD0-4D32-B645-BF650BBF0F29}"
EndProject
Global
	GlobalSection(SolutionConfigurationPlatforms) = preSolution
		Debug|Any CPU = Debug|Any CPU
		Release|Any CPU = Release|Any CPU
	EndGlobalSection
	GlobalSection(ProjectConfigurationPlatforms) = postSolution
		{6CE005A1-AAD0-4D32-B645-BF650BBF0F29}.Debug|Any CPU.ActiveCfg = Debug|Any CPU
		{6CE005A1-AAD0-4D32-B645-BF650BBF0F29}.Debug|Any CPU.Build.0 = Debug|Any CPU
		{6CE005A1-AAD0-4D32-B645-BF650BBF0F29}.Release|Any CPU.ActiveCfg = Release|Any CPU
		{6CE005A1-AAD0-4D32-B645-BF650BBF0F29}.Release|Any CPU.Build.0 = Release|Any CPU
	EndGlobalSection
	GlobalSection(SolutionProperties) = preSolution
		HideSolutionNode = FALSE
	EndGlobalSection
	GlobalSection(ExtensibilityGlobals) = postSolution
		SolutionGuid = {12359C71-A990-45C2-9C73-044DE319BB9A}
	EndGlobalSection
EndGlobal
